
Microsoft Visual Studio Solution File, Format Version 12.00
# Visual Studio Version 16
VisualStudioVersion = 16.0.29609.76
MinimumVisualStudioVersion = 10.0.40219.1
Project("{FAE04EC0-301F-11D3-BF4B-00C04F79EFBC}") = "Singleton", "Singleton\Singleton.csproj", "{9701B257-1670-4F19-AE8E-7F2F56CCD388}"
EndProject
Project("{FAE04EC0-301F-11D3-BF4B-00C04F79EFBC}") = "Factory", "Factory\Factory.csproj", "{3CFD60F4-150B-4356-8FE2-EC02636B9308}"
EndProject
Project("{FAE04EC0-301F-11D3-BF4B-00C04F79EFBC}") = "BuilderPattern", "BuilderPattern\BuilderPattern.csproj", "{9C805EAB-E045-4E0D-9E0C-9293A4F4E871}"
EndProject
Project("{FAE04EC0-301F-11D3-BF4B-00C04F79EFBC}") = "Adapter", "Adapter\Adapter.csproj", "{1B273FB2-595A-4D33-9BB7-C64159A34D91}"
EndProject
Project("{FAE04EC0-301F-11D3-BF4B-00C04F79EFBC}") = "Bridge", "Bridge\Bridge.csproj", "{605E1DD2-2D0E-49EF-9CEC-5AAA3963B359}"
EndProject
Project("{FAE04EC0-301F-11D3-BF4B-00C04F79EFBC}") = "Decorator", "Decorator\Decorator.csproj", "{A17E1F97-D6BF-409E-AE54-FF85DD7C84EB}"
EndProject
Project("{FAE04EC0-301F-11D3-BF4B-00C04F79EFBC}") = "Composite", "Composite\Composite.csproj", "{72FE464D-7685-4FD7-94E1-6D87E153A49F}"
EndProject
Project("{FAE04EC0-301F-11D3-BF4B-00C04F79EFBC}") = "Facade", "Facade\Facade.csproj", "{C46E00D6-C9F0-4984-BAED-CF5A71580A54}"
EndProject
Project("{FAE04EC0-301F-11D3-BF4B-00C04F79EFBC}") = "Flyweight", "Flyweight\Flyweight.csproj", "{3B3CCE05-7689-4BEA-AD8F-D9D93B24E623}"
EndProject
Project("{FAE04EC0-301F-11D3-BF4B-00C04F79EFBC}") = "Proxy", "Proxy\Proxy.csproj", "{0B615440-3AED-41FE-90F7-366611B30AF9}"
EndProject
Project("{FAE04EC0-301F-11D3-BF4B-00C04F79EFBC}") = "Template", "Template\Template.csproj", "{540EBB85-C84A-415C-AEE1-352F758C4B96}"
EndProject
Project("{FAE04EC0-301F-11D3-BF4B-00C04F79EFBC}") = "Command", "Command\Command.csproj", "{1B887655-43F3-49B5-8E18-D44E7490A31D}"
EndProject
Project("{FAE04EC0-301F-11D3-BF4B-00C04F79EFBC}") = "Observer", "Observer\Observer.csproj", "{3251C368-9F0A-477F-81B4-F4EE11A5DF2F}"
EndProject
Project("{FAE04EC0-301F-11D3-BF4B-00C04F79EFBC}") = "Mediator", "Mediator\Mediator.csproj", "{10303FBE-DACE-4F61-9837-9F3487D1226D}"
EndProject
Project("{FAE04EC0-301F-11D3-BF4B-00C04F79EFBC}") = "里氏代替", "里氏代替\里氏代替.csproj", "{1225CA7A-A212-4497-870D-AEFBF802308A}"
EndProject
Project("{FAE04EC0-301F-11D3-BF4B-00C04F79EFBC}") = "Summarize", "Summarize\Summarize.csproj", "{779252D5-6F73-4531-832C-0F0B6FE8341F}"
EndProject
Project("{2150E333-8FDC-42A3-9474-1A3956D46DE8}") = "Builder", "Builder", "{D4944592-F03F-46DD-9C0D-F6870C3B2719}"
EndProject
Project("{2150E333-8FDC-42A3-9474-1A3956D46DE8}") = "Structure", "Structure", "{A56B56C7-9F93-41D2-96D5-3D079277A283}"
EndProject
Project("{2150E333-8FDC-42A3-9474-1A3956D46DE8}") = "Behaviour", "Behaviour", "{58778071-4A5A-49B7-9665-6F033921DD90}"
EndProject
Global
	GlobalSection(SolutionConfigurationPlatforms) = preSolution
		Debug|Any CPU = Debug|Any CPU
		Release|Any CPU = Release|Any CPU
	EndGlobalSection
	GlobalSection(ProjectConfigurationPlatforms) = postSolution
		{9701B257-1670-4F19-AE8E-7F2F56CCD388}.Debug|Any CPU.ActiveCfg = Debug|Any CPU
		{9701B257-1670-4F19-AE8E-7F2F56CCD388}.Debug|Any CPU.Build.0 = Debug|Any CPU
		{9701B257-1670-4F19-AE8E-7F2F56CCD388}.Release|Any CPU.ActiveCfg = Release|Any CPU
		{9701B257-1670-4F19-AE8E-7F2F56CCD388}.Release|Any CPU.Build.0 = Release|Any CPU
		{3CFD60F4-150B-4356-8FE2-EC02636B9308}.Debug|Any CPU.ActiveCfg = Debug|Any CPU
		{3CFD60F4-150B-4356-8FE2-EC02636B9308}.Debug|Any CPU.Build.0 = Debug|Any CPU
		{3CFD60F4-150B-4356-8FE2-EC02636B9308}.Release|Any CPU.ActiveCfg = Release|Any CPU
		{3CFD60F4-150B-4356-8FE2-EC02636B9308}.Release|Any CPU.Build.0 = Release|Any CPU
		{9C805EAB-E045-4E0D-9E0C-9293A4F4E871}.Debug|Any CPU.ActiveCfg = Debug|Any CPU
		{9C805EAB-E045-4E0D-9E0C-9293A4F4E871}.Debug|Any CPU.Build.0 = Debug|Any CPU
		{9C805EAB-E045-4E0D-9E0C-9293A4F4E871}.Release|Any CPU.ActiveCfg = Release|Any CPU
		{9C805EAB-E045-4E0D-9E0C-9293A4F4E871}.Release|Any CPU.Build.0 = Release|Any CPU
		{1B273FB2-595A-4D33-9BB7-C64159A34D91}.Debug|Any CPU.ActiveCfg = Debug|Any CPU
		{1B273FB2-595A-4D33-9BB7-C64159A34D91}.Debug|Any CPU.Build.0 = Debug|Any CPU
		{1B273FB2-595A-4D33-9BB7-C64159A34D91}.Release|Any CPU.ActiveCfg = Release|Any CPU
		{1B273FB2-595A-4D33-9BB7-C64159A34D91}.Release|Any CPU.Build.0 = Release|Any CPU
		{605E1DD2-2D0E-49EF-9CEC-5AAA3963B359}.Debug|Any CPU.ActiveCfg = Debug|Any CPU
		{605E1DD2-2D0E-49EF-9CEC-5AAA3963B359}.Debug|Any CPU.Build.0 = Debug|Any CPU
		{605E1DD2-2D0E-49EF-9CEC-5AAA3963B359}.Release|Any CPU.ActiveCfg = Release|Any CPU
		{605E1DD2-2D0E-49EF-9CEC-5AAA3963B359}.Release|Any CPU.Build.0 = Release|Any CPU
		{A17E1F97-D6BF-409E-AE54-FF85DD7C84EB}.Debug|Any CPU.ActiveCfg = Debug|Any CPU
		{A17E1F97-D6BF-409E-AE54-FF85DD7C84EB}.Debug|Any CPU.Build.0 = Debug|Any CPU
		{A17E1F97-D6BF-409E-AE54-FF85DD7C84EB}.Release|Any CPU.ActiveCfg = Release|Any CPU
		{A17E1F97-D6BF-409E-AE54-FF85DD7C84EB}.Release|Any CPU.Build.0 = Release|Any CPU
		{72FE464D-7685-4FD7-94E1-6D87E153A49F}.Debug|Any CPU.ActiveCfg = Debug|Any CPU
		{72FE464D-7685-4FD7-94E1-6D87E153A49F}.Debug|Any CPU.Build.0 = Debug|Any CPU
		{72FE464D-7685-4FD7-94E1-6D87E153A49F}.Release|Any CPU.ActiveCfg = Release|Any CPU
		{72FE464D-7685-4FD7-94E1-6D87E153A49F}.Release|Any CPU.Build.0 = Release|Any CPU
		{C46E00D6-C9F0-4984-BAED-CF5A71580A54}.Debug|Any CPU.ActiveCfg = Debug|Any CPU
		{C46E00D6-C9F0-4984-BAED-CF5A71580A54}.Debug|Any CPU.Build.0 = Debug|Any CPU
		{C46E00D6-C9F0-4984-BAED-CF5A71580A54}.Release|Any CPU.ActiveCfg = Release|Any CPU
		{C46E00D6-C9F0-4984-BAED-CF5A71580A54}.Release|Any CPU.Build.0 = Release|Any CPU
		{3B3CCE05-7689-4BEA-AD8F-D9D93B24E623}.Debug|Any CPU.ActiveCfg = Debug|Any CPU
		{3B3CCE05-7689-4BEA-AD8F-D9D93B24E623}.Debug|Any CPU.Build.0 = Debug|Any CPU
		{3B3CCE05-7689-4BEA-AD8F-D9D93B24E623}.Release|Any CPU.ActiveCfg = Release|Any CPU
		{3B3CCE05-7689-4BEA-AD8F-D9D93B24E623}.Release|Any CPU.Build.0 = Release|Any CPU
		{0B615440-3AED-41FE-90F7-366611B30AF9}.Debug|Any CPU.ActiveCfg = Debug|Any CPU
		{0B615440-3AED-41FE-90F7-366611B30AF9}.Debug|Any CPU.Build.0 = Debug|Any CPU
		{0B615440-3AED-41FE-90F7-366611B30AF9}.Release|Any CPU.ActiveCfg = Release|Any CPU
		{0B615440-3AED-41FE-90F7-366611B30AF9}.Release|Any CPU.Build.0 = Release|Any CPU
		{540EBB85-C84A-415C-AEE1-352F758C4B96}.Debug|Any CPU.ActiveCfg = Debug|Any CPU
		{540EBB85-C84A-415C-AEE1-352F758C4B96}.Debug|Any CPU.Build.0 = Debug|Any CPU
		{540EBB85-C84A-415C-AEE1-352F758C4B96}.Release|Any CPU.ActiveCfg = Release|Any CPU
		{540EBB85-C84A-415C-AEE1-352F758C4B96}.Release|Any CPU.Build.0 = Release|Any CPU
		{1B887655-43F3-49B5-8E18-D44E7490A31D}.Debug|Any CPU.ActiveCfg = Debug|Any CPU
		{1B887655-43F3-49B5-8E18-D44E7490A31D}.Debug|Any CPU.Build.0 = Debug|Any CPU
		{1B887655-43F3-49B5-8E18-D44E7490A31D}.Release|Any CPU.ActiveCfg = Release|Any CPU
		{1B887655-43F3-49B5-8E18-D44E7490A31D}.Release|Any CPU.Build.0 = Release|Any CPU
		{3251C368-9F0A-477F-81B4-F4EE11A5DF2F}.Debug|Any CPU.ActiveCfg = Debug|Any CPU
		{3251C368-9F0A-477F-81B4-F4EE11A5DF2F}.Debug|Any CPU.Build.0 = Debug|Any CPU
		{3251C368-9F0A-477F-81B4-F4EE11A5DF2F}.Release|Any CPU.ActiveCfg = Release|Any CPU
		{3251C368-9F0A-477F-81B4-F4EE11A5DF2F}.Release|Any CPU.Build.0 = Release|Any CPU
		{10303FBE-DACE-4F61-9837-9F3487D1226D}.Debug|Any CPU.ActiveCfg = Debug|Any CPU
		{10303FBE-DACE-4F61-9837-9F3487D1226D}.Debug|Any CPU.Build.0 = Debug|Any CPU
		{10303FBE-DACE-4F61-9837-9F3487D1226D}.Release|Any CPU.ActiveCfg = Release|Any CPU
		{10303FBE-DACE-4F61-9837-9F3487D1226D}.Release|Any CPU.Build.0 = Release|Any CPU
		{1225CA7A-A212-4497-870D-AEFBF802308A}.Debug|Any CPU.ActiveCfg = Debug|Any CPU
		{1225CA7A-A212-4497-870D-AEFBF802308A}.Debug|Any CPU.Build.0 = Debug|Any CPU
		{1225CA7A-A212-4497-870D-AEFBF802308A}.Release|Any CPU.ActiveCfg = Release|Any CPU
		{1225CA7A-A212-4497-870D-AEFBF802308A}.Release|Any CPU.Build.0 = Release|Any CPU
		{779252D5-6F73-4531-832C-0F0B6FE8341F}.Debug|Any CPU.ActiveCfg = Debug|Any CPU
		{779252D5-6F73-4531-832C-0F0B6FE8341F}.Debug|Any CPU.Build.0 = Debug|Any CPU
		{779252D5-6F73-4531-832C-0F0B6FE8341F}.Release|Any CPU.ActiveCfg = Release|Any CPU
		{779252D5-6F73-4531-832C-0F0B6FE8341F}.Release|Any CPU.Build.0 = Release|Any CPU
	EndGlobalSection
	GlobalSection(SolutionProperties) = preSolution
		HideSolutionNode = FALSE
	EndGlobalSection
	GlobalSection(NestedProjects) = preSolution
		{9701B257-1670-4F19-AE8E-7F2F56CCD388} = {D4944592-F03F-46DD-9C0D-F6870C3B2719}
		{3CFD60F4-150B-4356-8FE2-EC02636B9308} = {D4944592-F03F-46DD-9C0D-F6870C3B2719}
		{9C805EAB-E045-4E0D-9E0C-9293A4F4E871} = {D4944592-F03F-46DD-9C0D-F6870C3B2719}
		{1B273FB2-595A-4D33-9BB7-C64159A34D91} = {A56B56C7-9F93-41D2-96D5-3D079277A283}
		{605E1DD2-2D0E-49EF-9CEC-5AAA3963B359} = {A56B56C7-9F93-41D2-96D5-3D079277A283}
		{A17E1F97-D6BF-409E-AE54-FF85DD7C84EB} = {A56B56C7-9F93-41D2-96D5-3D079277A283}
		{C46E00D6-C9F0-4984-BAED-CF5A71580A54} = {A56B56C7-9F93-41D2-96D5-3D079277A283}
		{3B3CCE05-7689-4BEA-AD8F-D9D93B24E623} = {A56B56C7-9F93-41D2-96D5-3D079277A283}
		{0B615440-3AED-41FE-90F7-366611B30AF9} = {A56B56C7-9F93-41D2-96D5-3D079277A283}
		{1B887655-43F3-49B5-8E18-D44E7490A31D} = {58778071-4A5A-49B7-9665-6F033921DD90}
	EndGlobalSection
	GlobalSection(ExtensibilityGlobals) = postSolution
		SolutionGuid = {44AC18EA-12D3-4B9D-8F6C-CE5213C0FD3A}
	EndGlobalSection
EndGlobal
